
Microsoft Visual Studio Solution File, Format Version 12.00
# Visual Studio Version 17
VisualStudioVersion = 17.9.34714.143
MinimumVisualStudioVersion = 10.0.40219.1
Project("{FAE04EC0-301F-11D3-BF4B-00C04F79EFBC}") = "Convert2Decimal", "Convert2Decimal\Convert2Decimal.csproj", "{3221CF56-32C0-4A54-9CB7-DC90C8828EF6}"
EndProject
Global
	GlobalSection(SolutionConfigurationPlatforms) = preSolution
		Debug|Any CPU = Debug|Any CPU
		Release|Any CPU = Release|Any CPU
	EndGlobalSection
	GlobalSection(ProjectConfigurationPlatforms) = postSolution
		{3221CF56-32C0-4A54-9CB7-DC90C8828EF6}.Debug|Any CPU.ActiveCfg = Debug|Any CPU
		{3221CF56-32C0-4A54-9CB7-DC90C8828EF6}.Debug|Any CPU.Build.0 = Debug|Any CPU
		{3221CF56-32C0-4A54-9CB7-DC90C8828EF6}.Release|Any CPU.ActiveCfg = Release|Any CPU
		{3221CF56-32C0-4A54-9CB7-DC90C8828EF6}.Release|Any CPU.Build.0 = Release|Any CPU
	EndGlobalSection
	GlobalSection(SolutionProperties) = preSolution
		HideSolutionNode = FALSE
	EndGlobalSection
	GlobalSection(ExtensibilityGlobals) = postSolution
		SolutionGuid = {EC0962F9-8785-48F7-9FBE-0366E46EC5AF}
	EndGlobalSection
EndGlobal
