
Microsoft Visual Studio Solution File, Format Version 12.00
# Visual Studio Version 17
VisualStudioVersion = 17.8.34511.84
MinimumVisualStudioVersion = 10.0.40219.1
Project("{FAE04EC0-301F-11D3-BF4B-00C04F79EFBC}") = "CreatePascalTriangle", "CreatePascalTriangle\CreatePascalTriangle.csproj", "{0369E322-2515-4D0E-B696-8AC964415871}"
EndProject
Global
	GlobalSection(SolutionConfigurationPlatforms) = preSolution
		Debug|Any CPU = Debug|Any CPU
		Release|Any CPU = Release|Any CPU
	EndGlobalSection
	GlobalSection(ProjectConfigurationPlatforms) = postSolution
		{0369E322-2515-4D0E-B696-8AC964415871}.Debug|Any CPU.ActiveCfg = Debug|Any CPU
		{0369E322-2515-4D0E-B696-8AC964415871}.Debug|Any CPU.Build.0 = Debug|Any CPU
		{0369E322-2515-4D0E-B696-8AC964415871}.Release|Any CPU.ActiveCfg = Release|Any CPU
		{0369E322-2515-4D0E-B696-8AC964415871}.Release|Any CPU.Build.0 = Release|Any CPU
	EndGlobalSection
	GlobalSection(SolutionProperties) = preSolution
		HideSolutionNode = FALSE
	EndGlobalSection
	GlobalSection(ExtensibilityGlobals) = postSolution
		SolutionGuid = {473EF46A-5C87-44FD-8BB1-54F1547FA31E}
	EndGlobalSection
EndGlobal
